
Microsoft Visual Studio Solution File, Format Version 12.00
# Visual Studio Version 16
VisualStudioVersion = 16.0.29215.179
MinimumVisualStudioVersion = 10.0.40219.1
Project("{FAE04EC0-301F-11D3-BF4B-00C04F79EFBC}") = "SpringfieldNuclear", "SpringfieldNuclear\SpringfieldNuclear.csproj", "{E008C993-CACB-4462-BC95-C6D12A33F060}"
EndProject
Global
	GlobalSection(SolutionConfigurationPlatforms) = preSolution
		Debug|Any CPU = Debug|Any CPU
		Release|Any CPU = Release|Any CPU
	EndGlobalSection
	GlobalSection(ProjectConfigurationPlatforms) = postSolution
		{E008C993-CACB-4462-BC95-C6D12A33F060}.Debug|Any CPU.ActiveCfg = Debug|Any CPU
		{E008C993-CACB-4462-BC95-C6D12A33F060}.Debug|Any CPU.Build.0 = Debug|Any CPU
		{E008C993-CACB-4462-BC95-C6D12A33F060}.Release|Any CPU.ActiveCfg = Release|Any CPU
		{E008C993-CACB-4462-BC95-C6D12A33F060}.Release|Any CPU.Build.0 = Release|Any CPU
	EndGlobalSection
	GlobalSection(SolutionProperties) = preSolution
		HideSolutionNode = FALSE
	EndGlobalSection
	GlobalSection(ExtensibilityGlobals) = postSolution
		SolutionGuid = {F15EEFDB-9BCA-4493-98B6-526B8313990B}
	EndGlobalSection
EndGlobal
